// !$*UTF8*$!
{
	archiveVersion = 1;
	classes = {
	};
	objectVersion = 55;
	objects = {

/* Begin PBXBuildFile section */
		03ED86662812EB57000CBE61 /* tvTESTApp.swift in Sources */ = {isa = PBXBuildFile; fileRef = 03ED86652812EB57000CBE61 /* tvTESTApp.swift */; };
		03ED86682812EB57000CBE61 /* ContentView.swift in Sources */ = {isa = PBXBuildFile; fileRef = 03ED86672812EB57000CBE61 /* ContentView.swift */; };
		03ED866A2812EB5A000CBE61 /* Assets.xcassets in Resources */ = {isa = PBXBuildFile; fileRef = 03ED86692812EB5A000CBE61 /* Assets.xcassets */; };
		03ED866D2812EB5A000CBE61 /* Preview Assets.xcassets in Resources */ = {isa = PBXBuildFile; fileRef = 03ED866C2812EB5A000CBE61 /* Preview Assets.xcassets */; };
		03ED86772812EB5A000CBE61 /* tvTESTTests.swift in Sources */ = {isa = PBXBuildFile; fileRef = 03ED86762812EB5A000CBE61 /* tvTESTTests.swift */; };
		03ED86812812EB5A000CBE61 /* tvTESTUITests.swift in Sources */ = {isa = PBXBuildFile; fileRef = 03ED86802812EB5A000CBE61 /* tvTESTUITests.swift */; };
		03ED86832812EB5A000CBE61 /* tvTESTUITestsLaunchTests.swift in Sources */ = {isa = PBXBuildFile; fileRef = 03ED86822812EB5A000CBE61 /* tvTESTUITestsLaunchTests.swift */; };
/* End PBXBuildFile section */

/* Begin PBXContainerItemProxy section */
		03ED86732812EB5A000CBE61 /* PBXContainerItemProxy */ = {
			isa = PBXContainerItemProxy;
			containerPortal = 03ED865A2812EB57000CBE61 /* Project object */;
			proxyType = 1;
			remoteGlobalIDString = 03ED86612812EB57000CBE61;
			remoteInfo = tvTEST;
		};
		03ED867D2812EB5A000CBE61 /* PBXContainerItemProxy */ = {
			isa = PBXContainerItemProxy;
			containerPortal = 03ED865A2812EB57000CBE61 /* Project object */;
			proxyType = 1;
			remoteGlobalIDString = 03ED86612812EB57000CBE61;
			remoteInfo = tvTEST;
		};
/* End PBXContainerItemProxy section */

/* Begin PBXFileReference section */
		03ED86622812EB57000CBE61 /* tvTEST.app */ = {isa = PBXFileReference; explicitFileType = wrapper.application; includeInIndex = 0; path = tvTEST.app; sourceTree = BUILT_PRODUCTS_DIR; };
		03ED86652812EB57000CBE61 /* tvTESTApp.swift */ = {isa = PBXFileReference; lastKnownFileType = sourcecode.swift; path = tvTESTApp.swift; sourceTree = "<group>"; };
		03ED86672812EB57000CBE61 /* ContentView.swift */ = {isa = PBXFileReference; lastKnownFileType = sourcecode.swift; path = ContentView.swift; sourceTree = "<group>"; };
		03ED86692812EB5A000CBE61 /* Assets.xcassets */ = {isa = PBXFileReference; lastKnownFileType = folder.assetcatalog; path = Assets.xcassets; sourceTree = "<group>"; };
		03ED866C2812EB5A000CBE61 /* Preview Assets.xcassets */ = {isa = PBXFileReference; lastKnownFileType = folder.assetcatalog; path = "Preview Assets.xcassets"; sourceTree = "<group>"; };
		03ED86722812EB5A000CBE61 /* tvTESTTests.xctest */ = {isa = PBXFileReference; explicitFileType = wrapper.cfbundle; includeInIndex = 0; path = tvTESTTests.xctest; sourceTree = BUILT_PRODUCTS_DIR; };
		03ED86762812EB5A000CBE61 /* tvTESTTests.swift */ = {isa = PBXFileReference; lastKnownFileType = sourcecode.swift; path = tvTESTTests.swift; sourceTree = "<group>"; };
		03ED867C2812EB5A000CBE61 /* tvTESTUITests.xctest */ = {isa = PBXFileReference; explicitFileType = wrapper.cfbundle; includeInIndex = 0; path = tvTESTUITests.xctest; sourceTree = BUILT_PRODUCTS_DIR; };
		03ED86802812EB5A000CBE61 /* tvTESTUITests.swift */ = {isa = PBXFileReference; lastKnownFileType = sourcecode.swift; path = tvTESTUITests.swift; sourceTree = "<group>"; };
		03ED86822812EB5A000CBE61 /* tvTESTUITestsLaunchTests.swift */ = {isa = PBXFileReference; lastKnownFileType = sourcecode.swift; path = tvTESTUITestsLaunchTests.swift; sourceTree = "<group>"; };
/* End PBXFileReference section */

/* Begin PBXFrameworksBuildPhase section */
		03ED865F2812EB57000CBE61 /* Frameworks */ = {
			isa = PBXFrameworksBuildPhase;
			buildActionMask = 2147483647;
			files = (
			);
			runOnlyForDeploymentPostprocessing = 0;
		};
		03ED866F2812EB5A000CBE61 /* Frameworks */ = {
			isa = PBXFrameworksBuildPhase;
			buildActionMask = 2147483647;
			files = (
			);
			runOnlyForDeploymentPostprocessing = 0;
		};
		03ED86792812EB5A000CBE61 /* Frameworks */ = {
			isa = PBXFrameworksBuildPhase;
			buildActionMask = 2147483647;
			files = (
			);
			runOnlyForDeploymentPostprocessing = 0;
		};
/* End PBXFrameworksBuildPhase section */

/* Begin PBXGroup section */
		03ED86592812EB57000CBE61 = {
			isa = PBXGroup;
			children = (
				03ED86642812EB57000CBE61 /* tvTEST */,
				03ED86752812EB5A000CBE61 /* tvTESTTests */,
				03ED867F2812EB5A000CBE61 /* tvTESTUITests */,
				03ED86632812EB57000CBE61 /* Products */,
			);
			sourceTree = "<group>";
		};
		03ED86632812EB57000CBE61 /* Products */ = {
			isa = PBXGroup;
			children = (
				03ED86622812EB57000CBE61 /* tvTEST.app */,
				03ED86722812EB5A000CBE61 /* tvTESTTests.xctest */,
				03ED867C2812EB5A000CBE61 /* tvTESTUITests.xctest */,
			);
			name = Products;
			sourceTree = "<group>";
		};
		03ED86642812EB57000CBE61 /* tvTEST */ = {
			isa = PBXGroup;
			children = (
				03ED86652812EB57000CBE61 /* tvTESTApp.swift */,
				03ED86672812EB57000CBE61 /* ContentView.swift */,
				03ED86692812EB5A000CBE61 /* Assets.xcassets */,
				03ED866B2812EB5A000CBE61 /* Preview Content */,
			);
			path = tvTEST;
			sourceTree = "<group>";
		};
		03ED866B2812EB5A000CBE61 /* Preview Content */ = {
			isa = PBXGroup;
			children = (
				03ED866C2812EB5A000CBE61 /* Preview Assets.xcassets */,
			);
			path = "Preview Content";
			sourceTree = "<group>";
		};
		03ED86752812EB5A000CBE61 /* tvTESTTests */ = {
			isa = PBXGroup;
			children = (
				03ED86762812EB5A000CBE61 /* tvTESTTests.swift */,
			);
			path = tvTESTTests;
			sourceTree = "<group>";
		};
		03ED867F2812EB5A000CBE61 /* tvTESTUITests */ = {
			isa = PBXGroup;
			children = (
				03ED86802812EB5A000CBE61 /* tvTESTUITests.swift */,
				03ED86822812EB5A000CBE61 /* tvTESTUITestsLaunchTests.swift */,
			);
			path = tvTESTUITests;
			sourceTree = "<group>";
		};
/* End PBXGroup section */

/* Begin PBXNativeTarget section */
		03ED86612812EB57000CBE61 /* tvTEST */ = {
			isa = PBXNativeTarget;
			buildConfigurationList = 03ED86862812EB5A000CBE61 /* Build configuration list for PBXNativeTarget "tvTEST" */;
			buildPhases = (
				03ED865E2812EB57000CBE61 /* Sources */,
				03ED865F2812EB57000CBE61 /* Frameworks */,
				03ED86602812EB57000CBE61 /* Resources */,
			);
			buildRules = (
			);
			dependencies = (
			);
			name = tvTEST;
			productName = tvTEST;
			productReference = 03ED86622812EB57000CBE61 /* tvTEST.app */;
			productType = "com.apple.product-type.application";
		};
		03ED86712812EB5A000CBE61 /* tvTESTTests */ = {
			isa = PBXNativeTarget;
			buildConfigurationList = 03ED86892812EB5A000CBE61 /* Build configuration list for PBXNativeTarget "tvTESTTests" */;
			buildPhases = (
				03ED866E2812EB5A000CBE61 /* Sources */,
				03ED866F2812EB5A000CBE61 /* Frameworks */,
				03ED86702812EB5A000CBE61 /* Resources */,
			);
			buildRules = (
			);
			dependencies = (
				03ED86742812EB5A000CBE61 /* PBXTargetDependency */,
			);
			name = tvTESTTests;
			productName = tvTESTTests;
			productReference = 03ED86722812EB5A000CBE61 /* tvTESTTests.xctest */;
			productType = "com.apple.product-type.bundle.unit-test";
		};
		03ED867B2812EB5A000CBE61 /* tvTESTUITests */ = {
			isa = PBXNativeTarget;
			buildConfigurationList = 03ED868C2812EB5A000CBE61 /* Build configuration list for PBXNativeTarget "tvTESTUITests" */;
			buildPhases = (
				03ED86782812EB5A000CBE61 /* Sources */,
				03ED86792812EB5A000CBE61 /* Frameworks */,
				03ED867A2812EB5A000CBE61 /* Resources */,
			);
			buildRules = (
			);
			dependencies = (
				03ED867E2812EB5A000CBE61 /* PBXTargetDependency */,
			);
			name = tvTESTUITests;
			productName = tvTESTUITests;
			productReference = 03ED867C2812EB5A000CBE61 /* tvTESTUITests.xctest */;
			productType = "com.apple.product-type.bundle.ui-testing";
		};
/* End PBXNativeTarget section */

/* Begin PBXProject section */
		03ED865A2812EB57000CBE61 /* Project object */ = {
			isa = PBXProject;
			attributes = {
				BuildIndependentTargetsInParallel = 1;
				LastSwiftUpdateCheck = 1330;
				LastUpgradeCheck = 1330;
				TargetAttributes = {
					03ED86612812EB57000CBE61 = {
						CreatedOnToolsVersion = 13.3.1;
					};
					03ED86712812EB5A000CBE61 = {
						CreatedOnToolsVersion = 13.3.1;
						TestTargetID = 03ED86612812EB57000CBE61;
					};
					03ED867B2812EB5A000CBE61 = {
						CreatedOnToolsVersion = 13.3.1;
						TestTargetID = 03ED86612812EB57000CBE61;
					};
				};
			};
			buildConfigurationList = 03ED865D2812EB57000CBE61 /* Build configuration list for PBXProject "tvTEST" */;
			compatibilityVersion = "Xcode 13.0";
			developmentRegion = en;
			hasScannedForEncodings = 0;
			knownRegions = (
				en,
				Base,
			);
			mainGroup = 03ED86592812EB57000CBE61;
			productRefGroup = 03ED86632812EB57000CBE61 /* Products */;
			projectDirPath = "";
			projectRoot = "";
			targets = (
				03ED86612812EB57000CBE61 /* tvTEST */,
				03ED86712812EB5A000CBE61 /* tvTESTTests */,
				03ED867B2812EB5A000CBE61 /* tvTESTUITests */,
			);
		};
/* End PBXProject section */

/* Begin PBXResourcesBuildPhase section */
		03ED86602812EB57000CBE61 /* Resources */ = {
			isa = PBXResourcesBuildPhase;
			buildActionMask = 2147483647;
			files = (
				03ED866D2812EB5A000CBE61 /* Preview Assets.xcassets in Resources */,
				03ED866A2812EB5A000CBE61 /* Assets.xcassets in Resources */,
			);
			runOnlyForDeploymentPostprocessing = 0;
		};
		03ED86702812EB5A000CBE61 /* Resources */ = {
			isa = PBXResourcesBuildPhase;
			buildActionMask = 2147483647;
			files = (
			);
			runOnlyForDeploymentPostprocessing = 0;
		};
		03ED867A2812EB5A000CBE61 /* Resources */ = {
			isa = PBXResourcesBuildPhase;
			buildActionMask = 2147483647;
			files = (
			);
			runOnlyForDeploymentPostprocessing = 0;
		};
/* End PBXResourcesBuildPhase section */

/* Begin PBXSourcesBuildPhase section */
		03ED865E2812EB57000CBE61 /* Sources */ = {
			isa = PBXSourcesBuildPhase;
			buildActionMask = 2147483647;
			files = (
				03ED86682812EB57000CBE61 /* ContentView.swift in Sources */,
				03ED86662812EB57000CBE61 /* tvTESTApp.swift in Sources */,
			);
			runOnlyForDeploymentPostprocessing = 0;
		};
		03ED866E2812EB5A000CBE61 /* Sources */ = {
			isa = PBXSourcesBuildPhase;
			buildActionMask = 2147483647;
			files = (
				03ED86772812EB5A000CBE61 /* tvTESTTests.swift in Sources */,
			);
			runOnlyForDeploymentPostprocessing = 0;
		};
		03ED86782812EB5A000CBE61 /* Sources */ = {
			isa = PBXSourcesBuildPhase;
			buildActionMask = 2147483647;
			files = (
				03ED86832812EB5A000CBE61 /* tvTESTUITestsLaunchTests.swift in Sources */,
				03ED86812812EB5A000CBE61 /* tvTESTUITests.swift in Sources */,
			);
			runOnlyForDeploymentPostprocessing = 0;
		};
/* End PBXSourcesBuildPhase section */

/* Begin PBXTargetDependency section */
		03ED86742812EB5A000CBE61 /* PBXTargetDependency */ = {
			isa = PBXTargetDependency;
			target = 03ED86612812EB57000CBE61 /* tvTEST */;
			targetProxy = 03ED86732812EB5A000CBE61 /* PBXContainerItemProxy */;
		};
		03ED867E2812EB5A000CBE61 /* PBXTargetDependency */ = {
			isa = PBXTargetDependency;
			target = 03ED86612812EB57000CBE61 /* tvTEST */;
			targetProxy = 03ED867D2812EB5A000CBE61 /* PBXContainerItemProxy */;
		};
/* End PBXTargetDependency section */

/* Begin XCBuildConfiguration section */
		03ED86842812EB5A000CBE61 /* Debug */ = {
			isa = XCBuildConfiguration;
			buildSettings = {
				ALWAYS_SEARCH_USER_PATHS = NO;
				CLANG_ANALYZER_NONNULL = YES;
				CLANG_ANALYZER_NUMBER_OBJECT_CONVERSION = YES_AGGRESSIVE;
				CLANG_CXX_LANGUAGE_STANDARD = "gnu++17";
				CLANG_ENABLE_MODULES = YES;
				CLANG_ENABLE_OBJC_ARC = YES;
				CLANG_ENABLE_OBJC_WEAK = YES;
				CLANG_WARN_BLOCK_CAPTURE_AUTORELEASING = YES;
				CLANG_WARN_BOOL_CONVERSION = YES;
				CLANG_WARN_COMMA = YES;
				CLANG_WARN_CONSTANT_CONVERSION = YES;
				CLANG_WARN_DEPRECATED_OBJC_IMPLEMENTATIONS = YES;
				CLANG_WARN_DIRECT_OBJC_ISA_USAGE = YES_ERROR;
				CLANG_WARN_DOCUMENTATION_COMMENTS = YES;
				CLANG_WARN_EMPTY_BODY = YES;
				CLANG_WARN_ENUM_CONVERSION = YES;
				CLANG_WARN_INFINITE_RECURSION = YES;
				CLANG_WARN_INT_CONVERSION = YES;
				CLANG_WARN_NON_LITERAL_NULL_CONVERSION = YES;
				CLANG_WARN_OBJC_IMPLICIT_RETAIN_SELF = YES;
				CLANG_WARN_OBJC_LITERAL_CONVERSION = YES;
				CLANG_WARN_OBJC_ROOT_CLASS = YES_ERROR;
				CLANG_WARN_QUOTED_INCLUDE_IN_FRAMEWORK_HEADER = YES;
				CLANG_WARN_RANGE_LOOP_ANALYSIS = YES;
				CLANG_WARN_STRICT_PROTOTYPES = YES;
				CLANG_WARN_SUSPICIOUS_MOVE = YES;
				CLANG_WARN_UNGUARDED_AVAILABILITY = YES_AGGRESSIVE;
				CLANG_WARN_UNREACHABLE_CODE = YES;
				CLANG_WARN__DUPLICATE_METHOD_MATCH = YES;
				COPY_PHASE_STRIP = NO;
				DEBUG_INFORMATION_FORMAT = dwarf;
				ENABLE_STRICT_OBJC_MSGSEND = YES;
				ENABLE_TESTABILITY = YES;
				GCC_C_LANGUAGE_STANDARD = gnu11;
				GCC_DYNAMIC_NO_PIC = NO;
				GCC_NO_COMMON_BLOCKS = YES;
				GCC_OPTIMIZATION_LEVEL = 0;
				GCC_PREPROCESSOR_DEFINITIONS = (
					"DEBUG=1",
					"$(inherited)",
				);
				GCC_WARN_64_TO_32_BIT_CONVERSION = YES;
				GCC_WARN_ABOUT_RETURN_TYPE = YES_ERROR;
				GCC_WARN_UNDECLARED_SELECTOR = YES;
				GCC_WARN_UNINITIALIZED_AUTOS = YES_AGGRESSIVE;
				GCC_WARN_UNUSED_FUNCTION = YES;
				GCC_WARN_UNUSED_VARIABLE = YES;
				MTL_ENABLE_DEBUG_INFO = INCLUDE_SOURCE;
				MTL_FAST_MATH = YES;
				ONLY_ACTIVE_ARCH = YES;
				SDKROOT = appletvos;
				SWIFT_ACTIVE_COMPILATION_CONDITIONS = DEBUG;
				SWIFT_OPTIMIZATION_LEVEL = "-Onone";
				TVOS_DEPLOYMENT_TARGET = 15.4;
			};
			name = Debug;
		};
		03ED86852812EB5A000CBE61 /* Release */ = {
			isa = XCBuildConfiguration;
			buildSettings = {
				ALWAYS_SEARCH_USER_PATHS = NO;
				CLANG_ANALYZER_NONNULL = YES;
				CLANG_ANALYZER_NUMBER_OBJECT_CONVERSION = YES_AGGRESSIVE;
				CLANG_CXX_LANGUAGE_STANDARD = "gnu++17";
				CLANG_ENABLE_MODULES = YES;
				CLANG_ENABLE_OBJC_ARC = YES;
				CLANG_ENABLE_OBJC_WEAK = YES;
				CLANG_WARN_BLOCK_CAPTURE_AUTORELEASING = YES;
				CLANG_WARN_BOOL_CONVERSION = YES;
				CLANG_WARN_COMMA = YES;
				CLANG_WARN_CONSTANT_CONVERSION = YES;
				CLANG_WARN_DEPRECATED_OBJC_IMPLEMENTATIONS = YES;
				CLANG_WARN_DIRECT_OBJC_ISA_USAGE = YES_ERROR;
				CLANG_WARN_DOCUMENTATION_COMMENTS = YES;
				CLANG_WARN_EMPTY_BODY = YES;
				CLANG_WARN_ENUM_CONVERSION = YES;
				CLANG_WARN_INFINITE_RECURSION = YES;
				CLANG_WARN_INT_CONVERSION = YES;
				CLANG_WARN_NON_LITERAL_NULL_CONVERSION = YES;
				CLANG_WARN_OBJC_IMPLICIT_RETAIN_SELF = YES;
				CLANG_WARN_OBJC_LITERAL_CONVERSION = YES;
				CLANG_WARN_OBJC_ROOT_CLASS = YES_ERROR;
				CLANG_WARN_QUOTED_INCLUDE_IN_FRAMEWORK_HEADER = YES;
				CLANG_WARN_RANGE_LOOP_ANALYSIS = YES;
				CLANG_WARN_STRICT_PROTOTYPES = YES;
				CLANG_WARN_SUSPICIOUS_MOVE = YES;
				CLANG_WARN_UNGUARDED_AVAILABILITY = YES_AGGRESSIVE;
				CLANG_WARN_UNREACHABLE_CODE = YES;
				CLANG_WARN__DUPLICATE_METHOD_MATCH = YES;
				COPY_PHASE_STRIP = NO;
				DEBUG_INFORMATION_FORMAT = "dwarf-with-dsym";
				ENABLE_NS_ASSERTIONS = NO;
				ENABLE_STRICT_OBJC_MSGSEND = YES;
				GCC_C_LANGUAGE_STANDARD = gnu11;
				GCC_NO_COMMON_BLOCKS = YES;
				GCC_WARN_64_TO_32_BIT_CONVERSION = YES;
				GCC_WARN_ABOUT_RETURN_TYPE = YES_ERROR;
				GCC_WARN_UNDECLARED_SELECTOR = YES;
				GCC_WARN_UNINITIALIZED_AUTOS = YES_AGGRESSIVE;
				GCC_WARN_UNUSED_FUNCTION = YES;
				GCC_WARN_UNUSED_VARIABLE = YES;
				MTL_ENABLE_DEBUG_INFO = NO;
				MTL_FAST_MATH = YES;
				SDKROOT = appletvos;
				SWIFT_COMPILATION_MODE = wholemodule;
				SWIFT_OPTIMIZATION_LEVEL = "-O";
				TVOS_DEPLOYMENT_TARGET = 15.4;
				VALIDATE_PRODUCT = YES;
			};
			name = Release;
		};
		03ED86872812EB5A000CBE61 /* Debug */ = {
			isa = XCBuildConfiguration;
			buildSettings = {
				ASSETCATALOG_COMPILER_APPICON_NAME = "App Icon & Top Shelf Image";
				ASSETCATALOG_COMPILER_GLOBAL_ACCENT_COLOR_NAME = AccentColor;
				CODE_SIGN_STYLE = Automatic;
				CURRENT_PROJECT_VERSION = 1;
				DEVELOPMENT_ASSET_PATHS = "\"tvTEST/Preview Content\"";
				ENABLE_PREVIEWS = YES;
				GENERATE_INFOPLIST_FILE = YES;
				INFOPLIST_KEY_UILaunchScreen_Generation = YES;
				INFOPLIST_KEY_UIUserInterfaceStyle = Automatic;
				LD_RUNPATH_SEARCH_PATHS = (
					"$(inherited)",
					"@executable_path/Frameworks",
				);
				MARKETING_VERSION = 1.0;
				PRODUCT_BUNDLE_IDENTIFIER = Eyevinn.tvTEST;
				PRODUCT_NAME = "$(TARGET_NAME)";
				SWIFT_EMIT_LOC_STRINGS = YES;
				SWIFT_VERSION = 5.0;
				TARGETED_DEVICE_FAMILY = 3;
			};
			name = Debug;
		};
		03ED86882812EB5A000CBE61 /* Release */ = {
			isa = XCBuildConfiguration;
			buildSettings = {
				ASSETCATALOG_COMPILER_APPICON_NAME = "App Icon & Top Shelf Image";
				ASSETCATALOG_COMPILER_GLOBAL_ACCENT_COLOR_NAME = AccentColor;
				CODE_SIGN_STYLE = Automatic;
				CURRENT_PROJECT_VERSION = 1;
				DEVELOPMENT_ASSET_PATHS = "\"tvTEST/Preview Content\"";
				ENABLE_PREVIEWS = YES;
				GENERATE_INFOPLIST_FILE = YES;
				INFOPLIST_KEY_UILaunchScreen_Generation = YES;
				INFOPLIST_KEY_UIUserInterfaceStyle = Automatic;
				LD_RUNPATH_SEARCH_PATHS = (
					"$(inherited)",
					"@executable_path/Frameworks",
				);
				MARKETING_VERSION = 1.0;
				PRODUCT_BUNDLE_IDENTIFIER = Eyevinn.tvTEST;
				PRODUCT_NAME = "$(TARGET_NAME)";
				SWIFT_EMIT_LOC_STRINGS = YES;
				SWIFT_VERSION = 5.0;
				TARGETED_DEVICE_FAMILY = 3;
			};
			name = Release;
		};
		03ED868A2812EB5A000CBE61 /* Debug */ = {
			isa = XCBuildConfiguration;
			buildSettings = {
				ALWAYS_EMBED_SWIFT_STANDARD_LIBRARIES = YES;
				BUNDLE_LOADER = "$(TEST_HOST)";
				CODE_SIGN_STYLE = Automatic;
				CURRENT_PROJECT_VERSION = 1;
				GENERATE_INFOPLIST_FILE = YES;
				MARKETING_VERSION = 1.0;
				PRODUCT_BUNDLE_IDENTIFIER = Eyevinn.tvTESTTests;
				PRODUCT_NAME = "$(TARGET_NAME)";
				SWIFT_EMIT_LOC_STRINGS = NO;
				SWIFT_VERSION = 5.0;
				TARGETED_DEVICE_FAMILY = 3;
				TEST_HOST = "$(BUILT_PRODUCTS_DIR)/tvTEST.app/tvTEST";
				TVOS_DEPLOYMENT_TARGET = 15.4;
			};
			name = Debug;
		};
		03ED868B2812EB5A000CBE61 /* Release */ = {
			isa = XCBuildConfiguration;
			buildSettings = {
				ALWAYS_EMBED_SWIFT_STANDARD_LIBRARIES = YES;
				BUNDLE_LOADER = "$(TEST_HOST)";
				CODE_SIGN_STYLE = Automatic;
				CURRENT_PROJECT_VERSION = 1;
				GENERATE_INFOPLIST_FILE = YES;
				MARKETING_VERSION = 1.0;
				PRODUCT_BUNDLE_IDENTIFIER = Eyevinn.tvTESTTests;
				PRODUCT_NAME = "$(TARGET_NAME)";
				SWIFT_EMIT_LOC_STRINGS = NO;
				SWIFT_VERSION = 5.0;
				TARGETED_DEVICE_FAMILY = 3;
				TEST_HOST = "$(BUILT_PRODUCTS_DIR)/tvTEST.app/tvTEST";
				TVOS_DEPLOYMENT_TARGET = 15.4;
			};
			name = Release;
		};
		03ED868D2812EB5A000CBE61 /* Debug */ = {
			isa = XCBuildConfiguration;
			buildSettings = {
				ALWAYS_EMBED_SWIFT_STANDARD_LIBRARIES = YES;
				CODE_SIGN_STYLE = Automatic;
				CURRENT_PROJECT_VERSION = 1;
				GENERATE_INFOPLIST_FILE = YES;
				MARKETING_VERSION = 1.0;
				PRODUCT_BUNDLE_IDENTIFIER = Eyevinn.tvTESTUITests;
				PRODUCT_NAME = "$(TARGET_NAME)";
				SWIFT_EMIT_LOC_STRINGS = NO;
				SWIFT_VERSION = 5.0;
				TARGETED_DEVICE_FAMILY = 3;
				TEST_TARGET_NAME = tvTEST;
			};
			name = Debug;
		};
		03ED868E2812EB5A000CBE61 /* Release */ = {
			isa = XCBuildConfiguration;
			buildSettings = {
				ALWAYS_EMBED_SWIFT_STANDARD_LIBRARIES = YES;
				CODE_SIGN_STYLE = Automatic;
				CURRENT_PROJECT_VERSION = 1;
				GENERATE_INFOPLIST_FILE = YES;
				MARKETING_VERSION = 1.0;
				PRODUCT_BUNDLE_IDENTIFIER = Eyevinn.tvTESTUITests;
				PRODUCT_NAME = "$(TARGET_NAME)";
				SWIFT_EMIT_LOC_STRINGS = NO;
				SWIFT_VERSION = 5.0;
				TARGETED_DEVICE_FAMILY = 3;
				TEST_TARGET_NAME = tvTEST;
			};
			name = Release;
		};
/* End XCBuildConfiguration section */

/* Begin XCConfigurationList section */
		03ED865D2812EB57000CBE61 /* Build configuration list for PBXProject "tvTEST" */ = {
			isa = XCConfigurationList;
			buildConfigurations = (
				03ED86842812EB5A000CBE61 /* Debug */,
				03ED86852812EB5A000CBE61 /* Release */,
			);
			defaultConfigurationIsVisible = 0;
			defaultConfigurationName = Release;
		};
		03ED86862812EB5A000CBE61 /* Build configuration list for PBXNativeTarget "tvTEST" */ = {
			isa = XCConfigurationList;
			buildConfigurations = (
				03ED86872812EB5A000CBE61 /* Debug */,
				03ED86882812EB5A000CBE61 /* Release */,
			);
			defaultConfigurationIsVisible = 0;
			defaultConfigurationName = Release;
		};
		03ED86892812EB5A000CBE61 /* Build configuration list for PBXNativeTarget "tvTESTTests" */ = {
			isa = XCConfigurationList;
			buildConfigurations = (
				03ED868A2812EB5A000CBE61 /* Debug */,
				03ED868B2812EB5A000CBE61 /* Release */,
			);
			defaultConfigurationIsVisible = 0;
			defaultConfigurationName = Release;
		};
		03ED868C2812EB5A000CBE61 /* Build configuration list for PBXNativeTarget "tvTESTUITests" */ = {
			isa = XCConfigurationList;
			buildConfigurations = (
				03ED868D2812EB5A000CBE61 /* Debug */,
				03ED868E2812EB5A000CBE61 /* Release */,
			);
			defaultConfigurationIsVisible = 0;
			defaultConfigurationName = Release;
		};
/* End XCConfigurationList section */
	};
	rootObject = 03ED865A2812EB57000CBE61 /* Project object */;
}
